
Microsoft Visual Studio Solution File, Format Version 12.00
# Visual Studio Version 16
VisualStudioVersion = 16.0.29230.47
MinimumVisualStudioVersion = 10.0.40219.1
Project("{9A19103F-16F7-4668-BE54-9A1E7A4F7556}") = "GeoNodeWeb", "GeoNodeWeb\GeoNodeWeb.csproj", "{F00DC8AC-A2E3-47AA-AE49-ED494758CAAD}"
EndProject
Project("{9A19103F-16F7-4668-BE54-9A1E7A4F7556}") = "DBCache", "DBCache\DBCache.csproj", "{C2ADEE30-EEE7-4849-93DC-EB33AAA796C2}"
EndProject
Project("{9A19103F-16F7-4668-BE54-9A1E7A4F7556}") = "Modis", "Modis\Modis.csproj", "{763AEA51-349C-4DEE-98B6-3D38C687A2C6}"
EndProject
Project("{FAE04EC0-301F-11D3-BF4B-00C04F79EFBC}") = "ModisDownloader", "ModisDownloader\ModisDownloader.csproj", "{9B3434BB-C90F-4525-8BA2-9F5366BE3F73}"
EndProject
Global
	GlobalSection(SolutionConfigurationPlatforms) = preSolution
		Debug|Any CPU = Debug|Any CPU
		Release|Any CPU = Release|Any CPU
	EndGlobalSection
	GlobalSection(ProjectConfigurationPlatforms) = postSolution
		{F00DC8AC-A2E3-47AA-AE49-ED494758CAAD}.Debug|Any CPU.ActiveCfg = Debug|Any CPU
		{F00DC8AC-A2E3-47AA-AE49-ED494758CAAD}.Debug|Any CPU.Build.0 = Debug|Any CPU
		{F00DC8AC-A2E3-47AA-AE49-ED494758CAAD}.Release|Any CPU.ActiveCfg = Release|Any CPU
		{F00DC8AC-A2E3-47AA-AE49-ED494758CAAD}.Release|Any CPU.Build.0 = Release|Any CPU
		{C2ADEE30-EEE7-4849-93DC-EB33AAA796C2}.Debug|Any CPU.ActiveCfg = Debug|Any CPU
		{C2ADEE30-EEE7-4849-93DC-EB33AAA796C2}.Debug|Any CPU.Build.0 = Debug|Any CPU
		{C2ADEE30-EEE7-4849-93DC-EB33AAA796C2}.Release|Any CPU.ActiveCfg = Release|Any CPU
		{C2ADEE30-EEE7-4849-93DC-EB33AAA796C2}.Release|Any CPU.Build.0 = Release|Any CPU
		{763AEA51-349C-4DEE-98B6-3D38C687A2C6}.Debug|Any CPU.ActiveCfg = Debug|Any CPU
		{763AEA51-349C-4DEE-98B6-3D38C687A2C6}.Debug|Any CPU.Build.0 = Debug|Any CPU
		{763AEA51-349C-4DEE-98B6-3D38C687A2C6}.Release|Any CPU.ActiveCfg = Release|Any CPU
		{763AEA51-349C-4DEE-98B6-3D38C687A2C6}.Release|Any CPU.Build.0 = Release|Any CPU
		{9B3434BB-C90F-4525-8BA2-9F5366BE3F73}.Debug|Any CPU.ActiveCfg = Debug|Any CPU
		{9B3434BB-C90F-4525-8BA2-9F5366BE3F73}.Debug|Any CPU.Build.0 = Debug|Any CPU
		{9B3434BB-C90F-4525-8BA2-9F5366BE3F73}.Release|Any CPU.ActiveCfg = Release|Any CPU
		{9B3434BB-C90F-4525-8BA2-9F5366BE3F73}.Release|Any CPU.Build.0 = Release|Any CPU
	EndGlobalSection
	GlobalSection(SolutionProperties) = preSolution
		HideSolutionNode = FALSE
	EndGlobalSection
	GlobalSection(ExtensibilityGlobals) = postSolution
		SolutionGuid = {CF09DDA9-0872-4C41-AD84-EC1F55A7AEA3}
	EndGlobalSection
EndGlobal
